// !$*UTF8*$!
{
	archiveVersion = 1;
	classes = {
	};
	objectVersion = 60;
	objects = {

/* Begin PBXBuildFile section */
		0F9E8D7C6B5A493827161504 /* Assets.xcassets in Resources */ = {isa = PBXBuildFile; fileRef = 1E2D3C4B5A69788796A5B4C3 /* Assets.xcassets */; };
		01A08C8D2B93D6C5008F2D28 /* BoWApp.swift in Sources */ = {isa = PBXBuildFile; fileRef = 01A08C7D2B93D6C5008F2D28 /* BoWApp.swift */; };
		01A08C8E2B93D6C5008F2D28 /* HealthView.swift in Sources */ = {isa = PBXBuildFile; fileRef = 01A08C7E2B93D6C5008F2D28 /* HealthView.swift */; };
		01A08C912B93D6C5008F2D28 /* HealthKitManager.swift in Sources */ = {isa = PBXBuildFile; fileRef = 01A08C812B93D6C5008F2D28 /* HealthKitManager.swift */; };
		01A08C952B93D6C5008F2D28 /* QueueManager.swift in Sources */ = {isa = PBXBuildFile; fileRef = 01A08C852B93D6C5008F2D28 /* QueueManager.swift */; };
		01A08C962B93D6C5008F2D28 /* NetworkClient.swift in Sources */ = {isa = PBXBuildFile; fileRef = 01A08C862B93D6C5008F2D28 /* NetworkClient.swift */; };
		01A08C972B93D6C5008F2D28 /* SyncCoordinator.swift in Sources */ = {isa = PBXBuildFile; fileRef = 01A08C872B93D6C5008F2D28 /* SyncCoordinator.swift */; };
		01A08C982B93D6C5008F2D28 /* SampleDataLoader.swift in Sources */ = {isa = PBXBuildFile; fileRef = 01A08C882B93D6C5008F2D28 /* SampleDataLoader.swift */; };
		01A08C992B93D6C5008F2D28 /* SettingsStore.swift in Sources */ = {isa = PBXBuildFile; fileRef = 01A08C892B93D6C5008F2D28 /* SettingsStore.swift */; };
		01A08C9A2B93D6C5008F2D28 /* BackgroundScheduler.swift in Sources */ = {isa = PBXBuildFile; fileRef = 01A08C8A2B93D6C5008F2D28 /* BackgroundScheduler.swift */; };
		01A08C9B2B93D6C5008F2D28 /* SampleData.json in Resources */ = {isa = PBXBuildFile; fileRef = 01A08C8B2B93D6C5008F2D28 /* SampleData.json */; };
		01A08CB12B93D84D008F2D28 /* SleepAssemblerTests.swift in Sources */ = {isa = PBXBuildFile; fileRef = 01A08CAF2B93D84D008F2D28 /* SleepAssemblerTests.swift */; };
		01A08CB22B93D84D008F2D28 /* URLProtocolStub.swift in Sources */ = {isa = PBXBuildFile; fileRef = 01A08CB02B93D84D008F2D28 /* URLProtocolStub.swift */; };
		01A08CB32B93D84D008F2D28 /* NetworkClientTests.swift in Sources */ = {isa = PBXBuildFile; fileRef = 01A08CAE2B93D84D008F2D28 /* NetworkClientTests.swift */; };
		7A1F0B9D4C3E2A1F0B9D4C3E /* SettingsView.swift in Sources */ = {isa = PBXBuildFile; fileRef = 01A08C7F2B93D6C5008F2D28 /* SettingsView.swift */; };
		7A1F0B9D4C3E2A1F0B9D4C3F /* Models.swift in Sources */ = {isa = PBXBuildFile; fileRef = 01A08C802B93D6C5008F2D28 /* Models.swift */; };
		7A1F0B9D4C3E2A1F0B9D4C40 /* AnchorStore.swift in Sources */ = {isa = PBXBuildFile; fileRef = 01A08C822B93D6C5008F2D28 /* AnchorStore.swift */; };
		7A1F0B9D4C3E2A1F0B9D4C41 /* Logger.swift in Sources */ = {isa = PBXBuildFile; fileRef = 01A08C832B93D6C5008F2D28 /* Logger.swift */; };
		7A1F0B9D4C3E2A1F0B9D4C42 /* SleepAssembler.swift in Sources */ = {isa = PBXBuildFile; fileRef = 01A08C842B93D6C5008F2D28 /* SleepAssembler.swift */; };
		4453AD536B1059974883861C /* RootView.swift in Sources */ = {isa = PBXBuildFile; fileRef = 7435F2DF2B5409138A3F4968 /* RootView.swift */; };
		CCA9F55FC15B93E50ECCD28D /* Theme.swift in Sources */ = {isa = PBXBuildFile; fileRef = 593E91F428F9E977D56B3BDD /* Theme.swift */; };
		D974E14C4F819502DD46A575 /* ActivityLog.swift in Sources */ = {isa = PBXBuildFile; fileRef = A82FAC9CBE3265C1C1E4BC23 /* ActivityLog.swift */; };
		9520ADCFECFF21E2B572D87D /* LectureModels.swift in Sources */ = {isa = PBXBuildFile; fileRef = 5165C1918D44775F7D1C9DB6 /* LectureModels.swift */; };
		CE551FE57380307BCA216205 /* DownloadManager.swift in Sources */ = {isa = PBXBuildFile; fileRef = 13016D28466B92FA3AAEAA75 /* DownloadManager.swift */; };
		65922CC2A734AD62895FB198 /* LectureStore.swift in Sources */ = {isa = PBXBuildFile; fileRef = CA7A4E580E358B74BFA0448D /* LectureStore.swift */; };
		E3A9D78722F5873016DBD988 /* PlayerEngine.swift in Sources */ = {isa = PBXBuildFile; fileRef = 59632C789445018284D76582 /* PlayerEngine.swift */; };
		89990B316B0C6C086D11F5E2 /* PreviewData.swift in Sources */ = {isa = PBXBuildFile; fileRef = 9FD22A4A900BC8D5432EDACB /* PreviewData.swift */; };
		1C13CBDB4AB9C06756933D61 /* LecturesView.swift in Sources */ = {isa = PBXBuildFile; fileRef = 3BF5870E86DBCC41357B7593 /* LecturesView.swift */; };
		8844B5E1CA253BFBB87BD160 /* SiteView.swift in Sources */ = {isa = PBXBuildFile; fileRef = F52B2B7C073F78EBCCBD309A /* SiteView.swift */; };
		E49EA2B4C8EBCDE80229E45F /* AppState.swift in Sources */ = {isa = PBXBuildFile; fileRef = 0670F5DE1C134B54675C5E2C /* AppState.swift */; };
/* End PBXBuildFile section */

/* Begin PBXFileReference section */
		01A08C762B93D6C5008F2D28 /* BoW.app */ = {isa = PBXFileReference; explicitFileType = wrapper.application; path = BoW.app; sourceTree = BUILT_PRODUCTS_DIR; };
		1E2D3C4B5A69788796A5B4C3 /* Assets.xcassets */ = {isa = PBXFileReference; lastKnownFileType = folder.assetcatalog; path = Assets.xcassets; sourceTree = "<group>"; };
		01A08C7D2B93D6C5008F2D28 /* BoWApp.swift */ = {isa = PBXFileReference; lastKnownFileType = sourcecode.swift; path = BoWApp.swift; sourceTree = "<group>"; };
		01A08C7E2B93D6C5008F2D28 /* HealthView.swift */ = {isa = PBXFileReference; lastKnownFileType = sourcecode.swift; path = HealthView.swift; sourceTree = "<group>"; };
		01A08C7F2B93D6C5008F2D28 /* SettingsView.swift */ = {isa = PBXFileReference; lastKnownFileType = sourcecode.swift; path = SettingsView.swift; sourceTree = "<group>"; };
		01A08C802B93D6C5008F2D28 /* Models.swift */ = {isa = PBXFileReference; lastKnownFileType = sourcecode.swift; path = Models.swift; sourceTree = "<group>"; };
		01A08C812B93D6C5008F2D28 /* HealthKitManager.swift */ = {isa = PBXFileReference; lastKnownFileType = sourcecode.swift; path = HealthKitManager.swift; sourceTree = "<group>"; };
		01A08C822B93D6C5008F2D28 /* AnchorStore.swift */ = {isa = PBXFileReference; lastKnownFileType = sourcecode.swift; path = AnchorStore.swift; sourceTree = "<group>"; };
		01A08C832B93D6C5008F2D28 /* Logger.swift */ = {isa = PBXFileReference; lastKnownFileType = sourcecode.swift; path = Logger.swift; sourceTree = "<group>"; };
		01A08C842B93D6C5008F2D28 /* SleepAssembler.swift */ = {isa = PBXFileReference; lastKnownFileType = sourcecode.swift; path = SleepAssembler.swift; sourceTree = "<group>"; };
		01A08C852B93D6C5008F2D28 /* QueueManager.swift */ = {isa = PBXFileReference; lastKnownFileType = sourcecode.swift; path = QueueManager.swift; sourceTree = "<group>"; };
		01A08C862B93D6C5008F2D28 /* NetworkClient.swift */ = {isa = PBXFileReference; lastKnownFileType = sourcecode.swift; path = NetworkClient.swift; sourceTree = "<group>"; };
		01A08C872B93D6C5008F2D28 /* SyncCoordinator.swift */ = {isa = PBXFileReference; lastKnownFileType = sourcecode.swift; path = SyncCoordinator.swift; sourceTree = "<group>"; };
		01A08C882B93D6C5008F2D28 /* SampleDataLoader.swift */ = {isa = PBXFileReference; lastKnownFileType = sourcecode.swift; path = SampleDataLoader.swift; sourceTree = "<group>"; };
		01A08C892B93D6C5008F2D28 /* SettingsStore.swift */ = {isa = PBXFileReference; lastKnownFileType = sourcecode.swift; path = SettingsStore.swift; sourceTree = "<group>"; };
		01A08C8A2B93D6C5008F2D28 /* BackgroundScheduler.swift */ = {isa = PBXFileReference; lastKnownFileType = sourcecode.swift; path = BackgroundScheduler.swift; sourceTree = "<group>"; };
		01A08C8B2B93D6C5008F2D28 /* SampleData.json */ = {isa = PBXFileReference; lastKnownFileType = text.json; path = SampleData.json; sourceTree = "<group>"; };
		01A08C9C2B93D6C5008F2D28 /* Info.plist */ = {isa = PBXFileReference; lastKnownFileType = text.plist.xml; path = Info.plist; sourceTree = "<group>"; };
		01A08C9D2B93D6C5008F2D28 /* BoW.entitlements */ = {isa = PBXFileReference; lastKnownFileType = text.plist.entitlements; path = BoW.entitlements; sourceTree = "<group>"; };
		01A08CAB2B93D84D008F2D28 /* BoWTests.xctest */ = {isa = PBXFileReference; explicitFileType = wrapper.cfbundle; path = BoWTests.xctest; sourceTree = BUILT_PRODUCTS_DIR; };
		01A08CAE2B93D84D008F2D28 /* NetworkClientTests.swift */ = {isa = PBXFileReference; lastKnownFileType = sourcecode.swift; path = NetworkClientTests.swift; sourceTree = "<group>"; };
		01A08CAF2B93D84D008F2D28 /* SleepAssemblerTests.swift */ = {isa = PBXFileReference; lastKnownFileType = sourcecode.swift; path = SleepAssemblerTests.swift; sourceTree = "<group>"; };
		01A08CB02B93D84D008F2D28 /* URLProtocolStub.swift */ = {isa = PBXFileReference; lastKnownFileType = sourcecode.swift; path = URLProtocolStub.swift; sourceTree = "<group>"; };
		7435F2DF2B5409138A3F4968 /* RootView.swift */ = {isa = PBXFileReference; lastKnownFileType = sourcecode.swift; path = RootView.swift; sourceTree = "<group>"; };
		593E91F428F9E977D56B3BDD /* Theme.swift */ = {isa = PBXFileReference; lastKnownFileType = sourcecode.swift; path = Theme.swift; sourceTree = "<group>"; };
		A82FAC9CBE3265C1C1E4BC23 /* ActivityLog.swift */ = {isa = PBXFileReference; lastKnownFileType = sourcecode.swift; path = ActivityLog.swift; sourceTree = "<group>"; };
		5165C1918D44775F7D1C9DB6 /* LectureModels.swift */ = {isa = PBXFileReference; lastKnownFileType = sourcecode.swift; path = LectureModels.swift; sourceTree = "<group>"; };
		13016D28466B92FA3AAEAA75 /* DownloadManager.swift */ = {isa = PBXFileReference; lastKnownFileType = sourcecode.swift; path = DownloadManager.swift; sourceTree = "<group>"; };
		CA7A4E580E358B74BFA0448D /* LectureStore.swift */ = {isa = PBXFileReference; lastKnownFileType = sourcecode.swift; path = LectureStore.swift; sourceTree = "<group>"; };
		59632C789445018284D76582 /* PlayerEngine.swift */ = {isa = PBXFileReference; lastKnownFileType = sourcecode.swift; path = PlayerEngine.swift; sourceTree = "<group>"; };
		9FD22A4A900BC8D5432EDACB /* PreviewData.swift */ = {isa = PBXFileReference; lastKnownFileType = sourcecode.swift; path = PreviewData.swift; sourceTree = "<group>"; };
		3BF5870E86DBCC41357B7593 /* LecturesView.swift */ = {isa = PBXFileReference; lastKnownFileType = sourcecode.swift; path = LecturesView.swift; sourceTree = "<group>"; };
		F52B2B7C073F78EBCCBD309A /* SiteView.swift */ = {isa = PBXFileReference; lastKnownFileType = sourcecode.swift; path = SiteView.swift; sourceTree = "<group>"; };
		0670F5DE1C134B54675C5E2C /* AppState.swift */ = {isa = PBXFileReference; lastKnownFileType = sourcecode.swift; path = AppState.swift; sourceTree = "<group>"; };
/* End PBXFileReference section */

/* Begin PBXFrameworksBuildPhase section */
		01A08C732B93D6C5008F2D28 /* Frameworks */ = {
			isa = PBXFrameworksBuildPhase;
			buildActionMask = 2147483647;
			files = (
			);
			runOnlyForDeploymentPostprocessing = 0;
		};
		01A08CA82B93D84D008F2D28 /* Frameworks */ = {
			isa = PBXFrameworksBuildPhase;
			buildActionMask = 2147483647;
			files = (
			);
			runOnlyForDeploymentPostprocessing = 0;
		};
/* End PBXFrameworksBuildPhase section */

/* Begin PBXGroup section */
		01A08C6D2B93D6C5008F2D28 = {
			isa = PBXGroup;
			children = (
				01A08C7B2B93D6C5008F2D28 /* BoW */,
				01A08CAC2B93D84D008F2D28 /* BoWTests */,
				01A08C772B93D6C5008F2D28 /* Products */,
			);
			sourceTree = "<group>";
		};
		01A08C772B93D6C5008F2D28 /* Products */ = {
			isa = PBXGroup;
			children = (
				01A08C762B93D6C5008F2D28 /* BoW.app */,
				01A08CAB2B93D84D008F2D28 /* BoWTests.xctest */,
			);
			name = Products;
			sourceTree = "<group>";
		};
		01A08C7B2B93D6C5008F2D28 /* BoW */ = {
			isa = PBXGroup;
			children = (
				01A08C7D2B93D6C5008F2D28 /* BoWApp.swift */,
				0670F5DE1C134B54675C5E2C /* AppState.swift */,
				F52B2B7C073F78EBCCBD309A /* SiteView.swift */,
				7435F2DF2B5409138A3F4968 /* RootView.swift */,
				593E91F428F9E977D56B3BDD /* Theme.swift */,
				A82FAC9CBE3265C1C1E4BC23 /* ActivityLog.swift */,
				5165C1918D44775F7D1C9DB6 /* LectureModels.swift */,
				13016D28466B92FA3AAEAA75 /* DownloadManager.swift */,
				CA7A4E580E358B74BFA0448D /* LectureStore.swift */,
				59632C789445018284D76582 /* PlayerEngine.swift */,
				9FD22A4A900BC8D5432EDACB /* PreviewData.swift */,
				3BF5870E86DBCC41357B7593 /* LecturesView.swift */,
				01A08C7E2B93D6C5008F2D28 /* HealthView.swift */,
				01A08C7F2B93D6C5008F2D28 /* SettingsView.swift */,
				01A08C802B93D6C5008F2D28 /* Models.swift */,
				01A08C812B93D6C5008F2D28 /* HealthKitManager.swift */,
				01A08C822B93D6C5008F2D28 /* AnchorStore.swift */,
				01A08C842B93D6C5008F2D28 /* SleepAssembler.swift */,
				01A08C852B93D6C5008F2D28 /* QueueManager.swift */,
				01A08C862B93D6C5008F2D28 /* NetworkClient.swift */,
				01A08C872B93D6C5008F2D28 /* SyncCoordinator.swift */,
				01A08C8A2B93D6C5008F2D28 /* BackgroundScheduler.swift */,
				01A08C882B93D6C5008F2D28 /* SampleDataLoader.swift */,
				01A08C892B93D6C5008F2D28 /* SettingsStore.swift */,
				01A08C832B93D6C5008F2D28 /* Logger.swift */,
				1E2D3C4B5A69788796A5B4C3 /* Assets.xcassets */,
				01A08C8B2B93D6C5008F2D28 /* SampleData.json */,
				01A08C9C2B93D6C5008F2D28 /* Info.plist */,
				01A08C9D2B93D6C5008F2D28 /* BoW.entitlements */,
			);
			path = BoW;
			sourceTree = "<group>";
		};
		01A08CAC2B93D84D008F2D28 /* BoWTests */ = {
			isa = PBXGroup;
			children = (
				01A08CAE2B93D84D008F2D28 /* NetworkClientTests.swift */,
				01A08CAF2B93D84D008F2D28 /* SleepAssemblerTests.swift */,
				01A08CB02B93D84D008F2D28 /* URLProtocolStub.swift */,
			);
			path = BoWTests;
			sourceTree = "<group>";
		};
/* End PBXGroup section */

/* Begin PBXNativeTarget section */
		01A08C752B93D6C5008F2D28 /* BoW */ = {
			isa = PBXNativeTarget;
			buildConfigurationList = 8B1C2D3E4F5061728394A5BA /* Build configuration list for PBXNativeTarget "BoW" */;
			buildPhases = (
				01A08C722B93D6C5008F2D28 /* Sources */,
				01A08C732B93D6C5008F2D28 /* Frameworks */,
				01A08C742B93D6C5008F2D28 /* Resources */,
			);
			buildRules = (
			);
			dependencies = (
			);
			name = BoW;
			productName = BoW;
			productReference = 01A08C762B93D6C5008F2D28 /* BoW.app */;
			productType = "com.apple.product-type.application";
		};
		01A08CAA2B93D84D008F2D28 /* BoWTests */ = {
			isa = PBXNativeTarget;
			buildConfigurationList = 01A08CB62B93D84D008F2D28 /* Build configuration list for PBXNativeTarget "BoWTests" */;
			buildPhases = (
				01A08CA72B93D84D008F2D28 /* Sources */,
				01A08CA82B93D84D008F2D28 /* Frameworks */,
				01A08CA92B93D84D008F2D28 /* Resources */,
			);
			buildRules = (
			);
			dependencies = (
			);
			name = BoWTests;
			productName = BoWTests;
			productReference = 01A08CAB2B93D84D008F2D28 /* BoWTests.xctest */;
			productType = "com.apple.product-type.bundle.unit-test";
		};
/* End PBXNativeTarget section */

/* Begin PBXProject section */
		01A08C6E2B93D6C5008F2D28 /* Project object */ = {
			isa = PBXProject;
			attributes = {
				BuildIndependentTargetsInParallel = 1;
				LastSwiftUpdateCheck = 2620;
				LastUpgradeCheck = 1500;
				TargetAttributes = {
					01A08C752B93D6C5008F2D28 = {
						CreatedOnToolsVersion = 15.0;
					};
					01A08CAA2B93D84D008F2D28 = {
						CreatedOnToolsVersion = 15.0;
						TestTargetID = 01A08C752B93D6C5008F2D28;
					};
				};
			};
			buildConfigurationList = 01A08C712B93D6C5008F2D28 /* Build configuration list for PBXProject "BoW" */;
			compatibilityVersion = "Xcode 15.0";
			developmentRegion = en;
			hasScannedForEncodings = 0;
			knownRegions = (
				en,
				Base,
			);
			mainGroup = 01A08C6D2B93D6C5008F2D28;
			productRefGroup = 01A08C772B93D6C5008F2D28 /* Products */;
			projectDirPath = "";
			projectRoot = "";
			targets = (
				01A08C752B93D6C5008F2D28 /* BoW */,
				01A08CAA2B93D84D008F2D28 /* BoWTests */,
			);
		};
/* End PBXProject section */

/* Begin PBXResourcesBuildPhase section */
		01A08C742B93D6C5008F2D28 /* Resources */ = {
			isa = PBXResourcesBuildPhase;
			buildActionMask = 2147483647;
			files = (
				0F9E8D7C6B5A493827161504 /* Assets.xcassets in Resources */,
				01A08C9B2B93D6C5008F2D28 /* SampleData.json in Resources */,
			);
			runOnlyForDeploymentPostprocessing = 0;
		};
		01A08CA92B93D84D008F2D28 /* Resources */ = {
			isa = PBXResourcesBuildPhase;
			buildActionMask = 2147483647;
			files = (
			);
			runOnlyForDeploymentPostprocessing = 0;
		};
/* End PBXResourcesBuildPhase section */

/* Begin PBXSourcesBuildPhase section */
		01A08C722B93D6C5008F2D28 /* Sources */ = {
			isa = PBXSourcesBuildPhase;
			buildActionMask = 2147483647;
			files = (
				01A08C8D2B93D6C5008F2D28 /* BoWApp.swift in Sources */,
				E49EA2B4C8EBCDE80229E45F /* AppState.swift in Sources */,
				8844B5E1CA253BFBB87BD160 /* SiteView.swift in Sources */,
				4453AD536B1059974883861C /* RootView.swift in Sources */,
				CCA9F55FC15B93E50ECCD28D /* Theme.swift in Sources */,
				D974E14C4F819502DD46A575 /* ActivityLog.swift in Sources */,
				9520ADCFECFF21E2B572D87D /* LectureModels.swift in Sources */,
				CE551FE57380307BCA216205 /* DownloadManager.swift in Sources */,
				65922CC2A734AD62895FB198 /* LectureStore.swift in Sources */,
				E3A9D78722F5873016DBD988 /* PlayerEngine.swift in Sources */,
				89990B316B0C6C086D11F5E2 /* PreviewData.swift in Sources */,
				1C13CBDB4AB9C06756933D61 /* LecturesView.swift in Sources */,
				01A08C8E2B93D6C5008F2D28 /* HealthView.swift in Sources */,
				7A1F0B9D4C3E2A1F0B9D4C3E /* SettingsView.swift in Sources */,
				7A1F0B9D4C3E2A1F0B9D4C3F /* Models.swift in Sources */,
				01A08C912B93D6C5008F2D28 /* HealthKitManager.swift in Sources */,
				7A1F0B9D4C3E2A1F0B9D4C40 /* AnchorStore.swift in Sources */,
				7A1F0B9D4C3E2A1F0B9D4C42 /* SleepAssembler.swift in Sources */,
				01A08C952B93D6C5008F2D28 /* QueueManager.swift in Sources */,
				01A08C962B93D6C5008F2D28 /* NetworkClient.swift in Sources */,
				01A08C972B93D6C5008F2D28 /* SyncCoordinator.swift in Sources */,
				01A08C982B93D6C5008F2D28 /* SampleDataLoader.swift in Sources */,
				01A08C992B93D6C5008F2D28 /* SettingsStore.swift in Sources */,
				01A08C9A2B93D6C5008F2D28 /* BackgroundScheduler.swift in Sources */,
				7A1F0B9D4C3E2A1F0B9D4C41 /* Logger.swift in Sources */,
			);
			runOnlyForDeploymentPostprocessing = 0;
		};
		01A08CA72B93D84D008F2D28 /* Sources */ = {
			isa = PBXSourcesBuildPhase;
			buildActionMask = 2147483647;
			files = (
				01A08CB12B93D84D008F2D28 /* SleepAssemblerTests.swift in Sources */,
				01A08CB22B93D84D008F2D28 /* URLProtocolStub.swift in Sources */,
				01A08CB32B93D84D008F2D28 /* NetworkClientTests.swift in Sources */,
			);
			runOnlyForDeploymentPostprocessing = 0;
		};
/* End PBXSourcesBuildPhase section */

/* Begin XCBuildConfiguration section */
		01A08CB42B93D84D008F2D28 /* Debug */ = {
			isa = XCBuildConfiguration;
			buildSettings = {
				BUNDLE_LOADER = "$(TEST_HOST)";
				INFOPLIST_FILE = "";
				IPHONEOS_DEPLOYMENT_TARGET = 17.0;
				LD_RUNPATH_SEARCH_PATHS = (
					"$(inherited)",
					"@executable_path/Frameworks",
					"@loader_path/Frameworks",
				);
				PRODUCT_BUNDLE_IDENTIFIER = cc.bodywithoutorgans.bow.tests;
				PRODUCT_NAME = "$(TARGET_NAME)";
				SWIFT_VERSION = 5.0;
				TEST_HOST = "$(BUILT_PRODUCTS_DIR)/BoW.app/BoW";
			};
			name = Debug;
		};
		01A08CB52B93D84D008F2D28 /* Release */ = {
			isa = XCBuildConfiguration;
			buildSettings = {
				BUNDLE_LOADER = "$(TEST_HOST)";
				INFOPLIST_FILE = "";
				IPHONEOS_DEPLOYMENT_TARGET = 17.0;
				LD_RUNPATH_SEARCH_PATHS = (
					"$(inherited)",
					"@executable_path/Frameworks",
					"@loader_path/Frameworks",
				);
				PRODUCT_BUNDLE_IDENTIFIER = cc.bodywithoutorgans.bow.tests;
				PRODUCT_NAME = "$(TARGET_NAME)";
				SWIFT_VERSION = 5.0;
				TEST_HOST = "$(BUILT_PRODUCTS_DIR)/BoW.app/BoW";
			};
			name = Release;
		};
		8B1C2D3E4F5061728394A5B6 /* Debug */ = {
			isa = XCBuildConfiguration;
			buildSettings = {
				DEBUG_INFORMATION_FORMAT = dwarf;
				IPHONEOS_DEPLOYMENT_TARGET = 17.0;
				ONLY_ACTIVE_ARCH = YES;
				SWIFT_VERSION = 5.0;
			};
			name = Debug;
		};
		8B1C2D3E4F5061728394A5B7 /* Release */ = {
			isa = XCBuildConfiguration;
			buildSettings = {
				DEBUG_INFORMATION_FORMAT = dwarf;
				IPHONEOS_DEPLOYMENT_TARGET = 17.0;
				SWIFT_VERSION = 5.0;
			};
			name = Release;
		};
		8B1C2D3E4F5061728394A5B8 /* Debug */ = {
			isa = XCBuildConfiguration;
			buildSettings = {
				ASSETCATALOG_COMPILER_APPICON_NAME = AppIcon;
				CODE_SIGN_ENTITLEMENTS = BoW/BoW.entitlements;
				CODE_SIGN_STYLE = Automatic;
				DEVELOPMENT_TEAM = 8NCN36FYGA;
				INFOPLIST_FILE = BoW/Info.plist;
				IPHONEOS_DEPLOYMENT_TARGET = 17.0;
				LD_RUNPATH_SEARCH_PATHS = (
					"$(inherited)",
					"@executable_path/Frameworks",
				);
				PRODUCT_BUNDLE_IDENTIFIER = cc.bodywithoutorgans.bow;
				PRODUCT_NAME = "$(TARGET_NAME)";
				SUPPORTED_PLATFORMS = "iphoneos iphonesimulator";
				SUPPORTS_MACCATALYST = NO;
				SWIFT_VERSION = 5.0;
				TARGETED_DEVICE_FAMILY = 1;
			};
			name = Debug;
		};
		8B1C2D3E4F5061728394A5B9 /* Release */ = {
			isa = XCBuildConfiguration;
			buildSettings = {
				ASSETCATALOG_COMPILER_APPICON_NAME = AppIcon;
				CODE_SIGN_ENTITLEMENTS = BoW/BoW.entitlements;
				CODE_SIGN_STYLE = Automatic;
				DEVELOPMENT_TEAM = 8NCN36FYGA;
				INFOPLIST_FILE = BoW/Info.plist;
				IPHONEOS_DEPLOYMENT_TARGET = 17.0;
				LD_RUNPATH_SEARCH_PATHS = (
					"$(inherited)",
					"@executable_path/Frameworks",
				);
				PRODUCT_BUNDLE_IDENTIFIER = cc.bodywithoutorgans.bow;
				PRODUCT_NAME = "$(TARGET_NAME)";
				SUPPORTED_PLATFORMS = "iphoneos iphonesimulator";
				SUPPORTS_MACCATALYST = NO;
				SWIFT_VERSION = 5.0;
				TARGETED_DEVICE_FAMILY = 1;
			};
			name = Release;
		};
/* End XCBuildConfiguration section */

/* Begin XCConfigurationList section */
		01A08C712B93D6C5008F2D28 /* Build configuration list for PBXProject "BoW" */ = {
			isa = XCConfigurationList;
			buildConfigurations = (
				8B1C2D3E4F5061728394A5B6 /* Debug */,
				8B1C2D3E4F5061728394A5B7 /* Release */,
			);
			defaultConfigurationIsVisible = 0;
			defaultConfigurationName = Release;
		};
		01A08CB62B93D84D008F2D28 /* Build configuration list for PBXNativeTarget "BoWTests" */ = {
			isa = XCConfigurationList;
			buildConfigurations = (
				01A08CB42B93D84D008F2D28 /* Debug */,
				01A08CB52B93D84D008F2D28 /* Release */,
			);
			defaultConfigurationIsVisible = 0;
			defaultConfigurationName = Release;
		};
		8B1C2D3E4F5061728394A5BA /* Build configuration list for PBXNativeTarget "BoW" */ = {
			isa = XCConfigurationList;
			buildConfigurations = (
				8B1C2D3E4F5061728394A5B8 /* Debug */,
				8B1C2D3E4F5061728394A5B9 /* Release */,
			);
			defaultConfigurationIsVisible = 0;
			defaultConfigurationName = Release;
		};
/* End XCConfigurationList section */
	};
	rootObject = 01A08C6E2B93D6C5008F2D28 /* Project object */;
}
